
Microsoft Visual Studio Solution File, Format Version 12.00
# Visual Studio Version 17
VisualStudioVersion = 17.8.34525.116
MinimumVisualStudioVersion = 10.0.40219.1
Project("{FAE04EC0-301F-11D3-BF4B-00C04F79EFBC}") = "expenseTracker", "expenseTracker.csproj", "{A426B63C-D374-4BC1-98EB-D53D8D6190AE}"
EndProject
Global
	GlobalSection(SolutionConfigurationPlatforms) = preSolution
		Debug|Any CPU = Debug|Any CPU
		Release|Any CPU = Release|Any CPU
	EndGlobalSection
	GlobalSection(ProjectConfigurationPlatforms) = postSolution
		{A426B63C-D374-4BC1-98EB-D53D8D6190AE}.Debug|Any CPU.ActiveCfg = Debug|Any CPU
		{A426B63C-D374-4BC1-98EB-D53D8D6190AE}.Debug|Any CPU.Build.0 = Debug|Any CPU
		{A426B63C-D374-4BC1-98EB-D53D8D6190AE}.Release|Any CPU.ActiveCfg = Release|Any CPU
		{A426B63C-D374-4BC1-98EB-D53D8D6190AE}.Release|Any CPU.Build.0 = Release|Any CPU
	EndGlobalSection
	GlobalSection(SolutionProperties) = preSolution
		HideSolutionNode = FALSE
	EndGlobalSection
	GlobalSection(ExtensibilityGlobals) = postSolution
		SolutionGuid = {704D4CE5-1762-463A-833A-E293CA10E56C}
	EndGlobalSection
EndGlobal
